
Microsoft Visual Studio Solution File, Format Version 12.00
# Visual Studio Version 16
VisualStudioVersion = 16.0.31112.23
MinimumVisualStudioVersion = 10.0.40219.1
Project("{FAE04EC0-301F-11D3-BF4B-00C04F79EFBC}") = "NoaChallenge", "NoaChallenge.csproj", "{AE71DBC6-2CCD-410C-B7CC-B89F515C1D41}"
EndProject
Global
	GlobalSection(SolutionConfigurationPlatforms) = preSolution
		Debug|Any CPU = Debug|Any CPU
		Release|Any CPU = Release|Any CPU
	EndGlobalSection
	GlobalSection(ProjectConfigurationPlatforms) = postSolution
		{AE71DBC6-2CCD-410C-B7CC-B89F515C1D41}.Debug|Any CPU.ActiveCfg = Debug|Any CPU
		{AE71DBC6-2CCD-410C-B7CC-B89F515C1D41}.Debug|Any CPU.Build.0 = Debug|Any CPU
		{AE71DBC6-2CCD-410C-B7CC-B89F515C1D41}.Release|Any CPU.ActiveCfg = Release|Any CPU
		{AE71DBC6-2CCD-410C-B7CC-B89F515C1D41}.Release|Any CPU.Build.0 = Release|Any CPU
	EndGlobalSection
	GlobalSection(SolutionProperties) = preSolution
		HideSolutionNode = FALSE
	EndGlobalSection
	GlobalSection(ExtensibilityGlobals) = postSolution
		SolutionGuid = {6E4095D1-408A-4DF5-A80B-25E022DF97FD}
	EndGlobalSection
EndGlobal
